
Microsoft Visual Studio Solution File, Format Version 12.00
# Visual Studio Version 17
VisualStudioVersion = 17.0.31612.314
MinimumVisualStudioVersion = 10.0.40219.1
Project("{8BC9CEB8-8B4A-11D0-8D11-00A0C91BC942}") = "LogServer", "LogServer\LogServer.vcxproj", "{F99A4F05-561D-4C52-B592-C0FFAB947107}"
EndProject
Project("{8BC9CEB8-8B4A-11D0-8D11-00A0C91BC942}") = "CenterServer", "CenterServer\CenterServer.vcxproj", "{0C8357E1-0DE5-40C0-9CF0-B80987299EE9}"
EndProject
Project("{8BC9CEB8-8B4A-11D0-8D11-00A0C91BC942}") = "ExtraServer", "ExtraServer\ExtraServer.vcxproj", "{C71B55D5-DC11-444F-9AC6-E0E156285B52}"
EndProject
Project("{8BC9CEB8-8B4A-11D0-8D11-00A0C91BC942}") = "PlayUserServer", "PlayUserServer\PlayUserServer.vcxproj", "{C06E898A-933C-485F-BB71-BC0B041FE74D}"
EndProject
Project("{8BC9CEB8-8B4A-11D0-8D11-00A0C91BC942}") = "LoginServer", "LoginServer\LoginServer.vcxproj", "{A8839CB9-4E51-44A7-8B0B-1581585A2B85}"
EndProject
Project("{8BC9CEB8-8B4A-11D0-8D11-00A0C91BC942}") = "ZoneServer", "ZoneServer\ZoneServer.vcxproj", "{40DE9831-D9A1-4580-817D-ACF439BE5DE4}"
EndProject
Project("{2150E333-8FDC-42A3-9474-1A3956D46DE8}") = "Inc", "Inc", "{A6823FCF-815D-407E-8423-FCEC9A576D32}"
	ProjectSection(SolutionItems) = preProject
		3rdparty\api.h = 3rdparty\api.h
		3rdparty\SkyApplication.h = 3rdparty\SkyApplication.h
		3rdparty\SkyBuffer.h = 3rdparty\SkyBuffer.h
		3rdparty\SkyConsole.h = 3rdparty\SkyConsole.h
		3rdparty\SkyException.h = 3rdparty\SkyException.h
		3rdparty\SkyServer.h = 3rdparty\SkyServer.h
		3rdparty\SkyTime.h = 3rdparty\SkyTime.h
		3rdparty\SkyUser.h = 3rdparty\SkyUser.h
	EndProjectSection
EndProject
Project("{2150E333-8FDC-42A3-9474-1A3956D46DE8}") = "nlohmann", "nlohmann", "{59B45E91-4CBA-4C9C-8075-A9D2FD0A404B}"
EndProject
Project("{2150E333-8FDC-42A3-9474-1A3956D46DE8}") = "rang", "rang", "{0B965619-1429-4EC6-BB95-A2D575479976}"
	ProjectSection(SolutionItems) = preProject
		3rdparty\rang\rang.hpp = 3rdparty\rang\rang.hpp
	EndProjectSection
EndProject
Global
	GlobalSection(SolutionConfigurationPlatforms) = preSolution
		Release|x86 = Release|x86
	EndGlobalSection
	GlobalSection(ProjectConfigurationPlatforms) = postSolution
		{F99A4F05-561D-4C52-B592-C0FFAB947107}.Release|x86.ActiveCfg = Release|Win32
		{F99A4F05-561D-4C52-B592-C0FFAB947107}.Release|x86.Build.0 = Release|Win32
		{0C8357E1-0DE5-40C0-9CF0-B80987299EE9}.Release|x86.ActiveCfg = Release|Win32
		{0C8357E1-0DE5-40C0-9CF0-B80987299EE9}.Release|x86.Build.0 = Release|Win32
		{C71B55D5-DC11-444F-9AC6-E0E156285B52}.Release|x86.ActiveCfg = Release|Win32
		{C71B55D5-DC11-444F-9AC6-E0E156285B52}.Release|x86.Build.0 = Release|Win32
		{C06E898A-933C-485F-BB71-BC0B041FE74D}.Release|x86.ActiveCfg = Release|Win32
		{C06E898A-933C-485F-BB71-BC0B041FE74D}.Release|x86.Build.0 = Release|Win32
		{A8839CB9-4E51-44A7-8B0B-1581585A2B85}.Release|x86.ActiveCfg = Release|Win32
		{A8839CB9-4E51-44A7-8B0B-1581585A2B85}.Release|x86.Build.0 = Release|Win32
		{40DE9831-D9A1-4580-817D-ACF439BE5DE4}.Release|x86.ActiveCfg = Release|Win32
		{40DE9831-D9A1-4580-817D-ACF439BE5DE4}.Release|x86.Build.0 = Release|Win32
	EndGlobalSection
	GlobalSection(SolutionProperties) = preSolution
		HideSolutionNode = FALSE
	EndGlobalSection
	GlobalSection(NestedProjects) = preSolution
		{59B45E91-4CBA-4C9C-8075-A9D2FD0A404B} = {A6823FCF-815D-407E-8423-FCEC9A576D32}
		{0B965619-1429-4EC6-BB95-A2D575479976} = {A6823FCF-815D-407E-8423-FCEC9A576D32}
	EndGlobalSection
	GlobalSection(ExtensibilityGlobals) = postSolution
		SolutionGuid = {08D8BA3B-A57F-477C-B46E-DBBD093E7FB9}
	EndGlobalSection
EndGlobal
